Microsoft Visual Studio Solution File, Format Version 12.00
# Visual Studio Version 17
VisualStudioVersion = 17.4.33424.401
MinimumVisualStudioVersion = 10.0.40219.1
Project("{FAE04EC0-301F-11D3-BF4B-00C04F79EFBC}") = "Backend.TodoApi", "src\Backend.TodoApi\Backend.TodoApi.csproj", "{B1A8F1D4-3E02-4B7A-9A2A-123456789ABC}"
EndProject
Project("{E24C65DC-7377-472B-9ABA-BC803B73C61A}") = "Frontend.todo-app", "src\Frontend.todo-app\", "{BD39AC7B-5B20-E5F2-5CE0-EA68FE4D335F}"
	ProjectSection(WebsiteProperties) = preProject
		TargetFrameworkMoniker = ".NETFramework,Version%3Dv4.8"
		Debug.AspNetCompiler.VirtualPath = "/localhost_59187"
		Debug.AspNetCompiler.PhysicalPath = "src\Frontend.todo-app\"
		Debug.AspNetCompiler.TargetPath = "PrecompiledWeb\localhost_59187\"
		Debug.AspNetCompiler.Updateable = "true"
		Debug.AspNetCompiler.ForceOverwrite = "true"
		Debug.AspNetCompiler.FixedNames = "false"
		Debug.AspNetCompiler.Debug = "True"
		Release.AspNetCompiler.VirtualPath = "/localhost_59187"
		Release.AspNetCompiler.PhysicalPath = "src\Frontend.todo-app\"
		Release.AspNetCompiler.TargetPath = "PrecompiledWeb\localhost_59187\"
		Release.AspNetCompiler.Updateable = "true"
		Release.AspNetCompiler.ForceOverwrite = "true"
		Release.AspNetCompiler.FixedNames = "false"
		Release.AspNetCompiler.Debug = "False"
		VWDPort = "59187"
		SlnRelativePath = "src\Frontend.todo-app\"
	EndProjectSection
EndProject
Global
	GlobalSection(SolutionConfigurationPlatforms) = preSolution
		Debug|Any CPU = Debug|Any CPU
		Release|Any CPU = Release|Any CPU
	EndGlobalSection
	GlobalSection(ProjectConfigurationPlatforms) = postSolution
		{B1A8F1D4-3E02-4B7A-9A2A-123456789ABC}.Debug|Any CPU.ActiveCfg = Debug|Any CPU
		{B1A8F1D4-3E02-4B7A-9A2A-123456789ABC}.Debug|Any CPU.Build.0 = Debug|Any CPU
		{B1A8F1D4-3E02-4B7A-9A2A-123456789ABC}.Release|Any CPU.ActiveCfg = Release|Any CPU
		{B1A8F1D4-3E02-4B7A-9A2A-123456789ABC}.Release|Any CPU.Build.0 = Release|Any CPU
		{BD39AC7B-5B20-E5F2-5CE0-EA68FE4D335F}.Debug|Any CPU.ActiveCfg = Debug|Any CPU
		{BD39AC7B-5B20-E5F2-5CE0-EA68FE4D335F}.Debug|Any CPU.Build.0 = Debug|Any CPU
		{BD39AC7B-5B20-E5F2-5CE0-EA68FE4D335F}.Release|Any CPU.ActiveCfg = Debug|Any CPU
		{BD39AC7B-5B20-E5F2-5CE0-EA68FE4D335F}.Release|Any CPU.Build.0 = Debug|Any CPU
	EndGlobalSection
	GlobalSection(SolutionProperties) = preSolution
		HideSolutionNode = FALSE
	EndGlobalSection
	GlobalSection(ExtensibilityGlobals) = postSolution
		SolutionGuid = {4ADF85E9-33F6-4C97-B262-026B17D4DB5F}
	EndGlobalSection
EndGlobal
